
Microsoft Visual Studio Solution File, Format Version 12.00
# Visual Studio 15
VisualStudioVersion = 15.0.28307.271
MinimumVisualStudioVersion = 10.0.40219.1
Project("{FAE04EC0-301F-11D3-BF4B-00C04F79EFBC}") = "practhelpe", "practhelpe\practhelpe.csproj", "{AF844AAF-7F59-443C-872D-887A926F0FCA}"
EndProject
Global
	GlobalSection(SolutionConfigurationPlatforms) = preSolution
		Debug|Any CPU = Debug|Any CPU
		Release|Any CPU = Release|Any CPU
	EndGlobalSection
	GlobalSection(ProjectConfigurationPlatforms) = postSolution
		{AF844AAF-7F59-443C-872D-887A926F0FCA}.Debug|Any CPU.ActiveCfg = Debug|Any CPU
		{AF844AAF-7F59-443C-872D-887A926F0FCA}.Debug|Any CPU.Build.0 = Debug|Any CPU
		{AF844AAF-7F59-443C-872D-887A926F0FCA}.Release|Any CPU.ActiveCfg = Release|Any CPU
		{AF844AAF-7F59-443C-872D-887A926F0FCA}.Release|Any CPU.Build.0 = Release|Any CPU
	EndGlobalSection
	GlobalSection(SolutionProperties) = preSolution
		HideSolutionNode = FALSE
	EndGlobalSection
	GlobalSection(ExtensibilityGlobals) = postSolution
		SolutionGuid = {CED301F2-ECA2-458A-996A-2AFE94B5CF63}
	EndGlobalSection
EndGlobal
